{
  "name": "getstart",
  "version": "1.0.0",
  "lockfileVersion": 2,
  "requires": true,
  "packages": {
    "": {
      "name": "getstart",
      "version": "1.0.0",
      "license": "ISC",
      "dependencies": {
        "match-toy": "^3.0.3"
      }
    },
    "node_modules/match-toy": {
      "version": "3.0.3",
      "resolved": "https://registry.npmjs.org/match-toy/-/match-toy-3.0.3.tgz",
      "integrity": "sha512-mfx1RqOk8e3+D6xJJC7lQfmP3Aoe83D+Bde7Xeg4eaFSfxgG7KFNCsBJR6ESdhXgLI9zwNFn0QKS5N/DEBGxpQ=="
    }
  },
  "dependencies": {
    "match-toy": {
      "version": "3.0.3",
      "resolved": "https://registry.npmjs.org/match-toy/-/match-toy-3.0.3.tgz",
      "integrity": "sha512-mfx1RqOk8e3+D6xJJC7lQfmP3Aoe83D+Bde7Xeg4eaFSfxgG7KFNCsBJR6ESdhXgLI9zwNFn0QKS5N/DEBGxpQ=="
    }
  }
}
